// !$*UTF8*$!
{
	archiveVersion = 1;
	classes = {
	};
	objectVersion = 46;
	objects = {

/* Begin PBXBuildFile section */
		880663EB1D5D6C30004D84E4 /* AppDelegate.swift in Sources */ = {isa = PBXBuildFile; fileRef = 880663EA1D5D6C30004D84E4 /* AppDelegate.swift */; };
		880663ED1D5D6C30004D84E4 /* ViewController.swift in Sources */ = {isa = PBXBuildFile; fileRef = 880663EC1D5D6C30004D84E4 /* ViewController.swift */; };
		880663F01D5D6C30004D84E4 /* Main.storyboard in Resources */ = {isa = PBXBuildFile; fileRef = 880663EE1D5D6C30004D84E4 /* Main.storyboard */; };
		880663F21D5D6C31004D84E4 /* Assets.xcassets in Resources */ = {isa = PBXBuildFile; fileRef = 880663F11D5D6C31004D84E4 /* Assets.xcassets */; };
		880663F51D5D6C31004D84E4 /* LaunchScreen.storyboard in Resources */ = {isa = PBXBuildFile; fileRef = 880663F31D5D6C31004D84E4 /* LaunchScreen.storyboard */; };
		88494D741D602A20007CD4C8 /* Person.swift in Sources */ = {isa = PBXBuildFile; fileRef = 88494D731D602A20007CD4C8 /* Person.swift */; };
		88494D761D603327007CD4C8 /* downloadCell.swift in Sources */ = {isa = PBXBuildFile; fileRef = 88494D751D603327007CD4C8 /* downloadCell.swift */; };
		886318691D5EB4D300DB2C0E /* DownloadViewController.swift in Sources */ = {isa = PBXBuildFile; fileRef = 886318681D5EB4D300DB2C0E /* DownloadViewController.swift */; };
/* End PBXBuildFile section */

/* Begin PBXFileReference section */
		880663E71D5D6C2E004D84E4 /* uploadToDatabase.app */ = {isa = PBXFileReference; explicitFileType = wrapper.application; includeInIndex = 0; path = uploadToDatabase.app; sourceTree = BUILT_PRODUCTS_DIR; };
		880663EA1D5D6C30004D84E4 /* AppDelegate.swift */ = {isa = PBXFileReference; lastKnownFileType = sourcecode.swift; path = AppDelegate.swift; sourceTree = "<group>"; };
		880663EC1D5D6C30004D84E4 /* ViewController.swift */ = {isa = PBXFileReference; lastKnownFileType = sourcecode.swift; path = ViewController.swift; sourceTree = "<group>"; };
		880663EF1D5D6C30004D84E4 /* Base */ = {isa = PBXFileReference; lastKnownFileType = file.storyboard; name = Base; path = Base.lproj/Main.storyboard; sourceTree = "<group>"; };
		880663F11D5D6C31004D84E4 /* Assets.xcassets */ = {isa = PBXFileReference; lastKnownFileType = folder.assetcatalog; path = Assets.xcassets; sourceTree = "<group>"; };
		880663F41D5D6C31004D84E4 /* Base */ = {isa = PBXFileReference; lastKnownFileType = file.storyboard; name = Base; path = Base.lproj/LaunchScreen.storyboard; sourceTree = "<group>"; };
		880663F61D5D6C31004D84E4 /* Info.plist */ = {isa = PBXFileReference; lastKnownFileType = text.plist.xml; path = Info.plist; sourceTree = "<group>"; };
		88494D731D602A20007CD4C8 /* Person.swift */ = {isa = PBXFileReference; fileEncoding = 4; lastKnownFileType = sourcecode.swift; path = Person.swift; sourceTree = "<group>"; };
		88494D751D603327007CD4C8 /* downloadCell.swift */ = {isa = PBXFileReference; fileEncoding = 4; lastKnownFileType = sourcecode.swift; path = downloadCell.swift; sourceTree = "<group>"; };
		886318681D5EB4D300DB2C0E /* DownloadViewController.swift */ = {isa = PBXFileReference; fileEncoding = 4; lastKnownFileType = sourcecode.swift; path = DownloadViewController.swift; sourceTree = "<group>"; };
/* End PBXFileReference section */

/* Begin PBXFrameworksBuildPhase section */
		880663E41D5D6C2E004D84E4 /* Frameworks */ = {
			isa = PBXFrameworksBuildPhase;
			buildActionMask = 2147483647;
			files = (
			);
			runOnlyForDeploymentPostprocessing = 0;
		};
/* End PBXFrameworksBuildPhase section */

/* Begin PBXGroup section */
		880663DE1D5D6C2C004D84E4 = {
			isa = PBXGroup;
			children = (
				880663E91D5D6C30004D84E4 /* uploadToDatabase */,
				880663E81D5D6C2E004D84E4 /* Products */,
			);
			sourceTree = "<group>";
		};
		880663E81D5D6C2E004D84E4 /* Products */ = {
			isa = PBXGroup;
			children = (
				880663E71D5D6C2E004D84E4 /* uploadToDatabase.app */,
			);
			name = Products;
			sourceTree = "<group>";
		};
		880663E91D5D6C30004D84E4 /* uploadToDatabase */ = {
			isa = PBXGroup;
			children = (
				880663EA1D5D6C30004D84E4 /* AppDelegate.swift */,
				880663EC1D5D6C30004D84E4 /* ViewController.swift */,
				88494D731D602A20007CD4C8 /* Person.swift */,
				886318681D5EB4D300DB2C0E /* DownloadViewController.swift */,
				88494D751D603327007CD4C8 /* downloadCell.swift */,
				880663EE1D5D6C30004D84E4 /* Main.storyboard */,
				880663F11D5D6C31004D84E4 /* Assets.xcassets */,
				880663F31D5D6C31004D84E4 /* LaunchScreen.storyboard */,
				880663F61D5D6C31004D84E4 /* Info.plist */,
			);
			path = uploadToDatabase;
			sourceTree = "<group>";
		};
/* End PBXGroup section */

/* Begin PBXNativeTarget section */
		880663E61D5D6C2E004D84E4 /* uploadToDatabase */ = {
			isa = PBXNativeTarget;
			buildConfigurationList = 880663F91D5D6C31004D84E4 /* Build configuration list for PBXNativeTarget "uploadToDatabase" */;
			buildPhases = (
				880663E31D5D6C2E004D84E4 /* Sources */,
				880663E41D5D6C2E004D84E4 /* Frameworks */,
				880663E51D5D6C2E004D84E4 /* Resources */,
			);
			buildRules = (
			);
			dependencies = (
			);
			name = uploadToDatabase;
			productName = uploadToDatabase;
			productReference = 880663E71D5D6C2E004D84E4 /* uploadToDatabase.app */;
			productType = "com.apple.product-type.application";
		};
/* End PBXNativeTarget section */

/* Begin PBXProject section */
		880663DF1D5D6C2D004D84E4 /* Project object */ = {
			isa = PBXProject;
			attributes = {
				LastSwiftUpdateCheck = 0730;
				LastUpgradeCheck = 0730;
				ORGANIZATIONNAME = Marshall;
				TargetAttributes = {
					880663E61D5D6C2E004D84E4 = {
						CreatedOnToolsVersion = 7.3.1;
						DevelopmentTeam = 3VCK6E2A76;
					};
				};
			};
			buildConfigurationList = 880663E21D5D6C2D004D84E4 /* Build configuration list for PBXProject "uploadToDatabase" */;
			compatibilityVersion = "Xcode 3.2";
			developmentRegion = English;
			hasScannedForEncodings = 0;
			knownRegions = (
				en,
				Base,
			);
			mainGroup = 880663DE1D5D6C2C004D84E4;
			productRefGroup = 880663E81D5D6C2E004D84E4 /* Products */;
			projectDirPath = "";
			projectRoot = "";
			targets = (
				880663E61D5D6C2E004D84E4 /* uploadToDatabase */,
			);
		};
/* End PBXProject section */

/* Begin PBXResourcesBuildPhase section */
		880663E51D5D6C2E004D84E4 /* Resources */ = {
			isa = PBXResourcesBuildPhase;
			buildActionMask = 2147483647;
			files = (
				880663F51D5D6C31004D84E4 /* LaunchScreen.storyboard in Resources */,
				880663F21D5D6C31004D84E4 /* Assets.xcassets in Resources */,
				880663F01D5D6C30004D84E4 /* Main.storyboard in Resources */,
			);
			runOnlyForDeploymentPostprocessing = 0;
		};
/* End PBXResourcesBuildPhase section */

/* Begin PBXSourcesBuildPhase section */
		880663E31D5D6C2E004D84E4 /* Sources */ = {
			isa = PBXSourcesBuildPhase;
			buildActionMask = 2147483647;
			files = (
				880663ED1D5D6C30004D84E4 /* ViewController.swift in Sources */,
				886318691D5EB4D300DB2C0E /* DownloadViewController.swift in Sources */,
				88494D741D602A20007CD4C8 /* Person.swift in Sources */,
				88494D761D603327007CD4C8 /* downloadCell.swift in Sources */,
				880663EB1D5D6C30004D84E4 /* AppDelegate.swift in Sources */,
			);
			runOnlyForDeploymentPostprocessing = 0;
		};
/* End PBXSourcesBuildPhase section */

/* Begin PBXVariantGroup section */
		880663EE1D5D6C30004D84E4 /* Main.storyboard */ = {
			isa = PBXVariantGroup;
			children = (
				880663EF1D5D6C30004D84E4 /* Base */,
			);
			name = Main.storyboard;
			sourceTree = "<group>";
		};
		880663F31D5D6C31004D84E4 /* LaunchScreen.storyboard */ = {
			isa = PBXVariantGroup;
			children = (
				880663F41D5D6C31004D84E4 /* Base */,
			);
			name = LaunchScreen.storyboard;
			sourceTree = "<group>";
		};
/* End PBXVariantGroup section */

/* Begin XCBuildConfiguration section */
		880663F71D5D6C31004D84E4 /* Debug */ = {
			isa = XCBuildConfiguration;
			buildSettings = {
				ALWAYS_SEARCH_USER_PATHS = NO;
				CLANG_ANALYZER_NONNULL = YES;
				CLANG_CXX_LANGUAGE_STANDARD = "gnu++0x";
				CLANG_CXX_LIBRARY = "libc++";
				CLANG_ENABLE_MODULES = YES;
				CLANG_ENABLE_OBJC_ARC = YES;
				CLANG_WARN_BOOL_CONVERSION = YES;
				CLANG_WARN_CONSTANT_CONVERSION = YES;
				CLANG_WARN_DIRECT_OBJC_ISA_USAGE = YES_ERROR;
				CLANG_WARN_EMPTY_BODY = YES;
				CLANG_WARN_ENUM_CONVERSION = YES;
				CLANG_WARN_INT_CONVERSION = YES;
				CLANG_WARN_OBJC_ROOT_CLASS = YES_ERROR;
				CLANG_WARN_UNREACHABLE_CODE = YES;
				CLANG_WARN__DUPLICATE_METHOD_MATCH = YES;
				"CODE_SIGN_IDENTITY[sdk=iphoneos*]" = "iPhone Developer";
				COPY_PHASE_STRIP = NO;
				DEBUG_INFORMATION_FORMAT = dwarf;
				ENABLE_STRICT_OBJC_MSGSEND = YES;
				ENABLE_TESTABILITY = YES;
				GCC_C_LANGUAGE_STANDARD = gnu99;
				GCC_DYNAMIC_NO_PIC = NO;
				GCC_NO_COMMON_BLOCKS = YES;
				GCC_OPTIMIZATION_LEVEL = 0;
				GCC_PREPROCESSOR_DEFINITIONS = (
					"DEBUG=1",
					"$(inherited)",
				);
				GCC_WARN_64_TO_32_BIT_CONVERSION = YES;
				GCC_WARN_ABOUT_RETURN_TYPE = YES_ERROR;
				GCC_WARN_UNDECLARED_SELECTOR = YES;
				GCC_WARN_UNINITIALIZED_AUTOS = YES_AGGRESSIVE;
				GCC_WARN_UNUSED_FUNCTION = YES;
				GCC_WARN_UNUSED_VARIABLE = YES;
				IPHONEOS_DEPLOYMENT_TARGET = 9.3;
				MTL_ENABLE_DEBUG_INFO = YES;
				ONLY_ACTIVE_ARCH = YES;
				SDKROOT = iphoneos;
				SWIFT_OPTIMIZATION_LEVEL = "-Onone";
			};
			name = Debug;
		};
		880663F81D5D6C31004D84E4 /* Release */ = {
			isa = XCBuildConfiguration;
			buildSettings = {
				ALWAYS_SEARCH_USER_PATHS = NO;
				CLANG_ANALYZER_NONNULL = YES;
				CLANG_CXX_LANGUAGE_STANDARD = "gnu++0x";
				CLANG_CXX_LIBRARY = "libc++";
				CLANG_ENABLE_MODULES = YES;
				CLANG_ENABLE_OBJC_ARC = YES;
				CLANG_WARN_BOOL_CONVERSION = YES;
				CLANG_WARN_CONSTANT_CONVERSION = YES;
				CLANG_WARN_DIRECT_OBJC_ISA_USAGE = YES_ERROR;
				CLANG_WARN_EMPTY_BODY = YES;
				CLANG_WARN_ENUM_CONVERSION = YES;
				CLANG_WARN_INT_CONVERSION = YES;
				CLANG_WARN_OBJC_ROOT_CLASS = YES_ERROR;
				CLANG_WARN_UNREACHABLE_CODE = YES;
				CLANG_WARN__DUPLICATE_METHOD_MATCH = YES;
				"CODE_SIGN_IDENTITY[sdk=iphoneos*]" = "iPhone Developer";
				COPY_PHASE_STRIP = NO;
				DEBUG_INFORMATION_FORMAT = "dwarf-with-dsym";
				ENABLE_NS_ASSERTIONS = NO;
				ENABLE_STRICT_OBJC_MSGSEND = YES;
				GCC_C_LANGUAGE_STANDARD = gnu99;
				GCC_NO_COMMON_BLOCKS = YES;
				GCC_WARN_64_TO_32_BIT_CONVERSION = YES;
				GCC_WARN_ABOUT_RETURN_TYPE = YES_ERROR;
				GCC_WARN_UNDECLARED_SELECTOR = YES;
				GCC_WARN_UNINITIALIZED_AUTOS = YES_AGGRESSIVE;
				GCC_WARN_UNUSED_FUNCTION = YES;
				GCC_WARN_UNUSED_VARIABLE = YES;
				IPHONEOS_DEPLOYMENT_TARGET = 9.3;
				MTL_ENABLE_DEBUG_INFO = NO;
				SDKROOT = iphoneos;
				VALIDATE_PRODUCT = YES;
			};
			name = Release;
		};
		880663FA1D5D6C31004D84E4 /* Debug */ = {
			isa = XCBuildConfiguration;
			buildSettings = {
				ASSETCATALOG_COMPILER_APPICON_NAME = AppIcon;
				CODE_SIGN_IDENTITY = "iPhone Developer";
				INFOPLIST_FILE = uploadToDatabase/Info.plist;
				LD_RUNPATH_SEARCH_PATHS = "$(inherited) @executable_path/Frameworks";
				PRODUCT_BUNDLE_IDENTIFIER = com.EliMarsh.uploadToDatabase;
				PRODUCT_NAME = "$(TARGET_NAME)";
			};
			name = Debug;
		};
		880663FB1D5D6C31004D84E4 /* Release */ = {
			isa = XCBuildConfiguration;
			buildSettings = {
				ASSETCATALOG_COMPILER_APPICON_NAME = AppIcon;
				CODE_SIGN_IDENTITY = "iPhone Developer";
				INFOPLIST_FILE = uploadToDatabase/Info.plist;
				LD_RUNPATH_SEARCH_PATHS = "$(inherited) @executable_path/Frameworks";
				PRODUCT_BUNDLE_IDENTIFIER = com.EliMarsh.uploadToDatabase;
				PRODUCT_NAME = "$(TARGET_NAME)";
			};
			name = Release;
		};
/* End XCBuildConfiguration section */

/* Begin XCConfigurationList section */
		880663E21D5D6C2D004D84E4 /* Build configuration list for PBXProject "uploadToDatabase" */ = {
			isa = XCConfigurationList;
			buildConfigurations = (
				880663F71D5D6C31004D84E4 /* Debug */,
				880663F81D5D6C31004D84E4 /* Release */,
			);
			defaultConfigurationIsVisible = 0;
			defaultConfigurationName = Release;
		};
		880663F91D5D6C31004D84E4 /* Build configuration list for PBXNativeTarget "uploadToDatabase" */ = {
			isa = XCConfigurationList;
			buildConfigurations = (
				880663FA1D5D6C31004D84E4 /* Debug */,
				880663FB1D5D6C31004D84E4 /* Release */,
			);
			defaultConfigurationIsVisible = 0;
			defaultConfigurationName = Release;
		};
/* End XCConfigurationList section */
	};
	rootObject = 880663DF1D5D6C2D004D84E4 /* Project object */;
}
